
Microsoft Visual Studio Solution File, Format Version 12.00
# Visual Studio Version 17
VisualStudioVersion = 17.13.35818.85 d17.13
MinimumVisualStudioVersion = 10.0.40219.1
Project("{FAE04EC0-301F-11D3-BF4B-00C04F79EFBC}") = "CompShop", "CompShop\CompShop.csproj", "{A84F5738-CA2D-4D0D-9785-D2A5C6A60EEE}"
EndProject
Project("{FAE04EC0-301F-11D3-BF4B-00C04F79EFBC}") = "BLL", "BLL\BLL.csproj", "{4A968909-20A8-49BB-A9B1-077E6C801BF4}"
EndProject
Project("{FAE04EC0-301F-11D3-BF4B-00C04F79EFBC}") = "DAL", "DAL\DAL.csproj", "{8C7250E5-C556-4186-86FC-F7A44BFCBEF9}"
EndProject
Global
	GlobalSection(SolutionConfigurationPlatforms) = preSolution
		Debug|Any CPU = Debug|Any CPU
		Release|Any CPU = Release|Any CPU
	EndGlobalSection
	GlobalSection(ProjectConfigurationPlatforms) = postSolution
		{A84F5738-CA2D-4D0D-9785-D2A5C6A60EEE}.Debug|Any CPU.ActiveCfg = Debug|Any CPU
		{A84F5738-CA2D-4D0D-9785-D2A5C6A60EEE}.Debug|Any CPU.Build.0 = Debug|Any CPU
		{A84F5738-CA2D-4D0D-9785-D2A5C6A60EEE}.Release|Any CPU.ActiveCfg = Release|Any CPU
		{A84F5738-CA2D-4D0D-9785-D2A5C6A60EEE}.Release|Any CPU.Build.0 = Release|Any CPU
		{4A968909-20A8-49BB-A9B1-077E6C801BF4}.Debug|Any CPU.ActiveCfg = Debug|Any CPU
		{4A968909-20A8-49BB-A9B1-077E6C801BF4}.Debug|Any CPU.Build.0 = Debug|Any CPU
		{4A968909-20A8-49BB-A9B1-077E6C801BF4}.Release|Any CPU.ActiveCfg = Release|Any CPU
		{4A968909-20A8-49BB-A9B1-077E6C801BF4}.Release|Any CPU.Build.0 = Release|Any CPU
		{8C7250E5-C556-4186-86FC-F7A44BFCBEF9}.Debug|Any CPU.ActiveCfg = Debug|Any CPU
		{8C7250E5-C556-4186-86FC-F7A44BFCBEF9}.Debug|Any CPU.Build.0 = Debug|Any CPU
		{8C7250E5-C556-4186-86FC-F7A44BFCBEF9}.Release|Any CPU.ActiveCfg = Release|Any CPU
		{8C7250E5-C556-4186-86FC-F7A44BFCBEF9}.Release|Any CPU.Build.0 = Release|Any CPU
	EndGlobalSection
	GlobalSection(SolutionProperties) = preSolution
		HideSolutionNode = FALSE
	EndGlobalSection
	GlobalSection(ExtensibilityGlobals) = postSolution
		SolutionGuid = {6EFA6405-0398-4B27-821E-93ECAEDFFEDE}
	EndGlobalSection
EndGlobal
